PODS:
  - Flutter (1.0.0)
  - fluttertoast (0.0.2):
    - Flutter
    - Toast
  - google_maps_flutter (0.0.1):
    - Flutter
    - GoogleMaps
  - GoogleMaps (4.1.0):
    - GoogleMaps/Maps (= 4.1.0)
  - GoogleMaps/Base (4.1.0)
  - GoogleMaps/Maps (4.1.0):
    - GoogleMaps/Base
  - location (0.0.1):
    - Flutter
  - Toast (4.0.0)

DEPENDENCIES:
  - Flutter (from `Flutter`)
  - fluttertoast (from `.symlinks/plugins/fluttertoast/ios`)
  - google_maps_flutter (from `.symlinks/plugins/google_maps_flutter/ios`)
  - location (from `.symlinks/plugins/location/ios`)

SPEC REPOS:
  trunk:
    - GoogleMaps
    - Toast

EXTERNAL SOURCES:
  Flutter:
    :path: Flutter
  fluttertoast:
    :path: ".symlinks/plugins/fluttertoast/ios"
  google_maps_flutter:
    :path: ".symlinks/plugins/google_maps_flutter/ios"
  location:
    :path: ".symlinks/plugins/location/ios"

SPEC CHECKSUMS:
  Flutter: 50d75fe2f02b26cc09d224853bb45737f8b3214a
  fluttertoast: 6122fa75143e992b1d3470f61000f591a798cc58
  google_maps_flutter: abdb8dee6c52d4be36ad131ee6ebfacd14417c5a
  GoogleMaps: 008e2c80e38605b56b560e8deb73d4194ff30bef
  location: 3a2eed4dd2fab25e7b7baf2a9efefe82b512d740
  Toast: 91b396c56ee72a5790816f40d3a94dd357abc196

PODFILE CHECKSUM: aafe91acc616949ddb318b77800a7f51bffa2a4c

COCOAPODS: 1.10.1
